// !$*UTF8*$!
{
	archiveVersion = 1;
	classes = {
	};
	objectVersion = 56;
	objects = {

/* Begin PBXBuildFile section */
		80F188042C54C7FD0051EA05 /* AppDelegate.swift in Sources */ = {isa = PBXBuildFile; fileRef = 80F188032C54C7FD0051EA05 /* AppDelegate.swift */; };
		80F188062C54C7FD0051EA05 /* SceneDelegate.swift in Sources */ = {isa = PBXBuildFile; fileRef = 80F188052C54C7FD0051EA05 /* SceneDelegate.swift */; };
		80F188082C54C7FD0051EA05 /* ViewController.swift in Sources */ = {isa = PBXBuildFile; fileRef = 80F188072C54C7FD0051EA05 /* ViewController.swift */; };
		80F1880B2C54C7FD0051EA05 /* Base in Resources */ = {isa = PBXBuildFile; fileRef = 80F1880A2C54C7FD0051EA05 /* Base */; };
		80F1880D2C54C8020051EA05 /* Assets.xcassets in Resources */ = {isa = PBXBuildFile; fileRef = 80F1880C2C54C8020051EA05 /* Assets.xcassets */; };
		80F188102C54C8020051EA05 /* Base in Resources */ = {isa = PBXBuildFile; fileRef = 80F1880F2C54C8020051EA05 /* Base */; };
		80F1881B2C54C8020051EA05 /* MovieDatabaseTests.swift in Sources */ = {isa = PBXBuildFile; fileRef = 80F1881A2C54C8020051EA05 /* MovieDatabaseTests.swift */; };
		80F188252C54C8020051EA05 /* MovieDatabaseUITests.swift in Sources */ = {isa = PBXBuildFile; fileRef = 80F188242C54C8020051EA05 /* MovieDatabaseUITests.swift */; };
		80F188272C54C8020051EA05 /* MovieDatabaseUITestsLaunchTests.swift in Sources */ = {isa = PBXBuildFile; fileRef = 80F188262C54C8020051EA05 /* MovieDatabaseUITestsLaunchTests.swift */; };
		80F188352C54C8940051EA05 /* Movie.swift in Sources */ = {isa = PBXBuildFile; fileRef = 80F188342C54C8940051EA05 /* Movie.swift */; };
		80F188372C54D1720051EA05 /* movies.json in Resources */ = {isa = PBXBuildFile; fileRef = 80F188362C54D1720051EA05 /* movies.json */; };
		80F1883B2C54DE160051EA05 /* MovieTableViewCell.swift in Sources */ = {isa = PBXBuildFile; fileRef = 80F188392C54DE160051EA05 /* MovieTableViewCell.swift */; };
		80F1883C2C54DE160051EA05 /* MovieTableViewCell.xib in Resources */ = {isa = PBXBuildFile; fileRef = 80F1883A2C54DE160051EA05 /* MovieTableViewCell.xib */; };
		80F188422C54E7320051EA05 /* SDWebImage in Frameworks */ = {isa = PBXBuildFile; productRef = 80F188412C54E7320051EA05 /* SDWebImage */; };
		80F188452C5511810051EA05 /* OptionTableViewCell.swift in Sources */ = {isa = PBXBuildFile; fileRef = 80F188432C5511810051EA05 /* OptionTableViewCell.swift */; };
		80F188462C5511810051EA05 /* OptionTableViewCell.xib in Resources */ = {isa = PBXBuildFile; fileRef = 80F188442C5511810051EA05 /* OptionTableViewCell.xib */; };
		80F188482C556B920051EA05 /* SectionHeaderView.swift in Sources */ = {isa = PBXBuildFile; fileRef = 80F188472C556B920051EA05 /* SectionHeaderView.swift */; };
		80F1884A2C556BB70051EA05 /* SectionHeaderView.xib in Resources */ = {isa = PBXBuildFile; fileRef = 80F188492C556BB70051EA05 /* SectionHeaderView.xib */; };
		80F1884E2C557AED0051EA05 /* MovieDetailViewController.swift in Sources */ = {isa = PBXBuildFile; fileRef = 80F1884D2C557AED0051EA05 /* MovieDetailViewController.swift */; };
/* End PBXBuildFile section */

/* Begin PBXContainerItemProxy section */
		80F188172C54C8020051EA05 /* PBXContainerItemProxy */ = {
			isa = PBXContainerItemProxy;
			containerPortal = 80F187F82C54C7FD0051EA05 /* Project object */;
			proxyType = 1;
			remoteGlobalIDString = 80F187FF2C54C7FD0051EA05;
			remoteInfo = MovieDatabase;
		};
		80F188212C54C8020051EA05 /* PBXContainerItemProxy */ = {
			isa = PBXContainerItemProxy;
			containerPortal = 80F187F82C54C7FD0051EA05 /* Project object */;
			proxyType = 1;
			remoteGlobalIDString = 80F187FF2C54C7FD0051EA05;
			remoteInfo = MovieDatabase;
		};
/* End PBXContainerItemProxy section */

/* Begin PBXFileReference section */
		80F188002C54C7FD0051EA05 /* MovieDatabase.app */ = {isa = PBXFileReference; explicitFileType = wrapper.application; includeInIndex = 0; path = MovieDatabase.app; sourceTree = BUILT_PRODUCTS_DIR; };
		80F188032C54C7FD0051EA05 /* AppDelegate.swift */ = {isa = PBXFileReference; lastKnownFileType = sourcecode.swift; path = AppDelegate.swift; sourceTree = "<group>"; };
		80F188052C54C7FD0051EA05 /* SceneDelegate.swift */ = {isa = PBXFileReference; lastKnownFileType = sourcecode.swift; path = SceneDelegate.swift; sourceTree = "<group>"; };
		80F188072C54C7FD0051EA05 /* ViewController.swift */ = {isa = PBXFileReference; lastKnownFileType = sourcecode.swift; path = ViewController.swift; sourceTree = "<group>"; };
		80F1880A2C54C7FD0051EA05 /* Base */ = {isa = PBXFileReference; lastKnownFileType = file.storyboard; name = Base; path = Base.lproj/Main.storyboard; sourceTree = "<group>"; };
		80F1880C2C54C8020051EA05 /* Assets.xcassets */ = {isa = PBXFileReference; lastKnownFileType = folder.assetcatalog; path = Assets.xcassets; sourceTree = "<group>"; };
		80F1880F2C54C8020051EA05 /* Base */ = {isa = PBXFileReference; lastKnownFileType = file.storyboard; name = Base; path = Base.lproj/LaunchScreen.storyboard; sourceTree = "<group>"; };
		80F188112C54C8020051EA05 /* Info.plist */ = {isa = PBXFileReference; lastKnownFileType = text.plist.xml; path = Info.plist; sourceTree = "<group>"; };
		80F188162C54C8020051EA05 /* MovieDatabaseTests.xctest */ = {isa = PBXFileReference; explicitFileType = wrapper.cfbundle; includeInIndex = 0; path = MovieDatabaseTests.xctest; sourceTree = BUILT_PRODUCTS_DIR; };
		80F1881A2C54C8020051EA05 /* MovieDatabaseTests.swift */ = {isa = PBXFileReference; lastKnownFileType = sourcecode.swift; path = MovieDatabaseTests.swift; sourceTree = "<group>"; };
		80F188202C54C8020051EA05 /* MovieDatabaseUITests.xctest */ = {isa = PBXFileReference; explicitFileType = wrapper.cfbundle; includeInIndex = 0; path = MovieDatabaseUITests.xctest; sourceTree = BUILT_PRODUCTS_DIR; };
		80F188242C54C8020051EA05 /* MovieDatabaseUITests.swift */ = {isa = PBXFileReference; lastKnownFileType = sourcecode.swift; path = MovieDatabaseUITests.swift; sourceTree = "<group>"; };
		80F188262C54C8020051EA05 /* MovieDatabaseUITestsLaunchTests.swift */ = {isa = PBXFileReference; lastKnownFileType = sourcecode.swift; path = MovieDatabaseUITestsLaunchTests.swift; sourceTree = "<group>"; };
		80F188342C54C8940051EA05 /* Movie.swift */ = {isa = PBXFileReference; lastKnownFileType = sourcecode.swift; path = Movie.swift; sourceTree = "<group>"; };
		80F188362C54D1720051EA05 /* movies.json */ = {isa = PBXFileReference; fileEncoding = 4; lastKnownFileType = text.json; path = movies.json; sourceTree = "<group>"; };
		80F188392C54DE160051EA05 /* MovieTableViewCell.swift */ = {isa = PBXFileReference; lastKnownFileType = sourcecode.swift; path = MovieTableViewCell.swift; sourceTree = "<group>"; };
		80F1883A2C54DE160051EA05 /* MovieTableViewCell.xib */ = {isa = PBXFileReference; lastKnownFileType = file.xib; path = MovieTableViewCell.xib; sourceTree = "<group>"; };
		80F188432C5511810051EA05 /* OptionTableViewCell.swift */ = {isa = PBXFileReference; lastKnownFileType = sourcecode.swift; path = OptionTableViewCell.swift; sourceTree = "<group>"; };
		80F188442C5511810051EA05 /* OptionTableViewCell.xib */ = {isa = PBXFileReference; lastKnownFileType = file.xib; path = OptionTableViewCell.xib; sourceTree = "<group>"; };
		80F188472C556B920051EA05 /* SectionHeaderView.swift */ = {isa = PBXFileReference; lastKnownFileType = sourcecode.swift; path = SectionHeaderView.swift; sourceTree = "<group>"; };
		80F188492C556BB70051EA05 /* SectionHeaderView.xib */ = {isa = PBXFileReference; lastKnownFileType = file.xib; path = SectionHeaderView.xib; sourceTree = "<group>"; };
		80F1884D2C557AED0051EA05 /* MovieDetailViewController.swift */ = {isa = PBXFileReference; lastKnownFileType = sourcecode.swift; path = MovieDetailViewController.swift; sourceTree = "<group>"; };
/* End PBXFileReference section */

/* Begin PBXFrameworksBuildPhase section */
		80F187FD2C54C7FD0051EA05 /* Frameworks */ = {
			isa = PBXFrameworksBuildPhase;
			buildActionMask = 2147483647;
			files = (
				80F188422C54E7320051EA05 /* SDWebImage in Frameworks */,
			);
			runOnlyForDeploymentPostprocessing = 0;
		};
		80F188132C54C8020051EA05 /* Frameworks */ = {
			isa = PBXFrameworksBuildPhase;
			buildActionMask = 2147483647;
			files = (
			);
			runOnlyForDeploymentPostprocessing = 0;
		};
		80F1881D2C54C8020051EA05 /* Frameworks */ = {
			isa = PBXFrameworksBuildPhase;
			buildActionMask = 2147483647;
			files = (
			);
			runOnlyForDeploymentPostprocessing = 0;
		};
/* End PBXFrameworksBuildPhase section */

/* Begin PBXGroup section */
		80F187F72C54C7FD0051EA05 = {
			isa = PBXGroup;
			children = (
				80F188022C54C7FD0051EA05 /* MovieDatabase */,
				80F188192C54C8020051EA05 /* MovieDatabaseTests */,
				80F188232C54C8020051EA05 /* MovieDatabaseUITests */,
				80F188012C54C7FD0051EA05 /* Products */,
			);
			sourceTree = "<group>";
		};
		80F188012C54C7FD0051EA05 /* Products */ = {
			isa = PBXGroup;
			children = (
				80F188002C54C7FD0051EA05 /* MovieDatabase.app */,
				80F188162C54C8020051EA05 /* MovieDatabaseTests.xctest */,
				80F188202C54C8020051EA05 /* MovieDatabaseUITests.xctest */,
			);
			name = Products;
			sourceTree = "<group>";
		};
		80F188022C54C7FD0051EA05 /* MovieDatabase */ = {
			isa = PBXGroup;
			children = (
				80F188382C54DD810051EA05 /* Views */,
				80F188332C54C8740051EA05 /* Models */,
				80F188032C54C7FD0051EA05 /* AppDelegate.swift */,
				80F188052C54C7FD0051EA05 /* SceneDelegate.swift */,
				80F188072C54C7FD0051EA05 /* ViewController.swift */,
				80F188092C54C7FD0051EA05 /* Main.storyboard */,
				80F1880C2C54C8020051EA05 /* Assets.xcassets */,
				80F1880E2C54C8020051EA05 /* LaunchScreen.storyboard */,
				80F188112C54C8020051EA05 /* Info.plist */,
				80F188362C54D1720051EA05 /* movies.json */,
				80F1884D2C557AED0051EA05 /* MovieDetailViewController.swift */,
			);
			path = MovieDatabase;
			sourceTree = "<group>";
		};
		80F188192C54C8020051EA05 /* MovieDatabaseTests */ = {
			isa = PBXGroup;
			children = (
				80F1881A2C54C8020051EA05 /* MovieDatabaseTests.swift */,
			);
			path = MovieDatabaseTests;
			sourceTree = "<group>";
		};
		80F188232C54C8020051EA05 /* MovieDatabaseUITests */ = {
			isa = PBXGroup;
			children = (
				80F188242C54C8020051EA05 /* MovieDatabaseUITests.swift */,
				80F188262C54C8020051EA05 /* MovieDatabaseUITestsLaunchTests.swift */,
			);
			path = MovieDatabaseUITests;
			sourceTree = "<group>";
		};
		80F188332C54C8740051EA05 /* Models */ = {
			isa = PBXGroup;
			children = (
				80F188342C54C8940051EA05 /* Movie.swift */,
			);
			path = Models;
			sourceTree = "<group>";
		};
		80F188382C54DD810051EA05 /* Views */ = {
			isa = PBXGroup;
			children = (
				80F188392C54DE160051EA05 /* MovieTableViewCell.swift */,
				80F1883A2C54DE160051EA05 /* MovieTableViewCell.xib */,
				80F188432C5511810051EA05 /* OptionTableViewCell.swift */,
				80F188442C5511810051EA05 /* OptionTableViewCell.xib */,
				80F188472C556B920051EA05 /* SectionHeaderView.swift */,
				80F188492C556BB70051EA05 /* SectionHeaderView.xib */,
			);
			path = Views;
			sourceTree = "<group>";
		};
/* End PBXGroup section */

/* Begin PBXNativeTarget section */
		80F187FF2C54C7FD0051EA05 /* MovieDatabase */ = {
			isa = PBXNativeTarget;
			buildConfigurationList = 80F1882A2C54C8020051EA05 /* Build configuration list for PBXNativeTarget "MovieDatabase" */;
			buildPhases = (
				80F187FC2C54C7FD0051EA05 /* Sources */,
				80F187FD2C54C7FD0051EA05 /* Frameworks */,
				80F187FE2C54C7FD0051EA05 /* Resources */,
			);
			buildRules = (
			);
			dependencies = (
			);
			name = MovieDatabase;
			packageProductDependencies = (
				80F188412C54E7320051EA05 /* SDWebImage */,
			);
			productName = MovieDatabase;
			productReference = 80F188002C54C7FD0051EA05 /* MovieDatabase.app */;
			productType = "com.apple.product-type.application";
		};
		80F188152C54C8020051EA05 /* MovieDatabaseTests */ = {
			isa = PBXNativeTarget;
			buildConfigurationList = 80F1882D2C54C8020051EA05 /* Build configuration list for PBXNativeTarget "MovieDatabaseTests" */;
			buildPhases = (
				80F188122C54C8020051EA05 /* Sources */,
				80F188132C54C8020051EA05 /* Frameworks */,
				80F188142C54C8020051EA05 /* Resources */,
			);
			buildRules = (
			);
			dependencies = (
				80F188182C54C8020051EA05 /* PBXTargetDependency */,
			);
			name = MovieDatabaseTests;
			productName = MovieDatabaseTests;
			productReference = 80F188162C54C8020051EA05 /* MovieDatabaseTests.xctest */;
			productType = "com.apple.product-type.bundle.unit-test";
		};
		80F1881F2C54C8020051EA05 /* MovieDatabaseUITests */ = {
			isa = PBXNativeTarget;
			buildConfigurationList = 80F188302C54C8020051EA05 /* Build configuration list for PBXNativeTarget "MovieDatabaseUITests" */;
			buildPhases = (
				80F1881C2C54C8020051EA05 /* Sources */,
				80F1881D2C54C8020051EA05 /* Frameworks */,
				80F1881E2C54C8020051EA05 /* Resources */,
			);
			buildRules = (
			);
			dependencies = (
				80F188222C54C8020051EA05 /* PBXTargetDependency */,
			);
			name = MovieDatabaseUITests;
			productName = MovieDatabaseUITests;
			productReference = 80F188202C54C8020051EA05 /* MovieDatabaseUITests.xctest */;
			productType = "com.apple.product-type.bundle.ui-testing";
		};
/* End PBXNativeTarget section */

/* Begin PBXProject section */
		80F187F82C54C7FD0051EA05 /* Project object */ = {
			isa = PBXProject;
			attributes = {
				BuildIndependentTargetsInParallel = 1;
				LastSwiftUpdateCheck = 1540;
				LastUpgradeCheck = 1540;
				TargetAttributes = {
					80F187FF2C54C7FD0051EA05 = {
						CreatedOnToolsVersion = 15.4;
					};
					80F188152C54C8020051EA05 = {
						CreatedOnToolsVersion = 15.4;
						TestTargetID = 80F187FF2C54C7FD0051EA05;
					};
					80F1881F2C54C8020051EA05 = {
						CreatedOnToolsVersion = 15.4;
						TestTargetID = 80F187FF2C54C7FD0051EA05;
					};
				};
			};
			buildConfigurationList = 80F187FB2C54C7FD0051EA05 /* Build configuration list for PBXProject "MovieDatabase" */;
			compatibilityVersion = "Xcode 14.0";
			developmentRegion = en;
			hasScannedForEncodings = 0;
			knownRegions = (
				en,
				Base,
			);
			mainGroup = 80F187F72C54C7FD0051EA05;
			packageReferences = (
				80F188402C54E7320051EA05 /* XCRemoteSwiftPackageReference "SDWebImage" */,
			);
			productRefGroup = 80F188012C54C7FD0051EA05 /* Products */;
			projectDirPath = "";
			projectRoot = "";
			targets = (
				80F187FF2C54C7FD0051EA05 /* MovieDatabase */,
				80F188152C54C8020051EA05 /* MovieDatabaseTests */,
				80F1881F2C54C8020051EA05 /* MovieDatabaseUITests */,
			);
		};
/* End PBXProject section */

/* Begin PBXResourcesBuildPhase section */
		80F187FE2C54C7FD0051EA05 /* Resources */ = {
			isa = PBXResourcesBuildPhase;
			buildActionMask = 2147483647;
			files = (
				80F1880D2C54C8020051EA05 /* Assets.xcassets in Resources */,
				80F1883C2C54DE160051EA05 /* MovieTableViewCell.xib in Resources */,
				80F188102C54C8020051EA05 /* Base in Resources */,
				80F188372C54D1720051EA05 /* movies.json in Resources */,
				80F188462C5511810051EA05 /* OptionTableViewCell.xib in Resources */,
				80F1880B2C54C7FD0051EA05 /* Base in Resources */,
				80F1884A2C556BB70051EA05 /* SectionHeaderView.xib in Resources */,
			);
			runOnlyForDeploymentPostprocessing = 0;
		};
		80F188142C54C8020051EA05 /* Resources */ = {
			isa = PBXResourcesBuildPhase;
			buildActionMask = 2147483647;
			files = (
			);
			runOnlyForDeploymentPostprocessing = 0;
		};
		80F1881E2C54C8020051EA05 /* Resources */ = {
			isa = PBXResourcesBuildPhase;
			buildActionMask = 2147483647;
			files = (
			);
			runOnlyForDeploymentPostprocessing = 0;
		};
/* End PBXResourcesBuildPhase section */

/* Begin PBXSourcesBuildPhase section */
		80F187FC2C54C7FD0051EA05 /* Sources */ = {
			isa = PBXSourcesBuildPhase;
			buildActionMask = 2147483647;
			files = (
				80F1883B2C54DE160051EA05 /* MovieTableViewCell.swift in Sources */,
				80F188082C54C7FD0051EA05 /* ViewController.swift in Sources */,
				80F188452C5511810051EA05 /* OptionTableViewCell.swift in Sources */,
				80F188042C54C7FD0051EA05 /* AppDelegate.swift in Sources */,
				80F1884E2C557AED0051EA05 /* MovieDetailViewController.swift in Sources */,
				80F188482C556B920051EA05 /* SectionHeaderView.swift in Sources */,
				80F188352C54C8940051EA05 /* Movie.swift in Sources */,
				80F188062C54C7FD0051EA05 /* SceneDelegate.swift in Sources */,
			);
			runOnlyForDeploymentPostprocessing = 0;
		};
		80F188122C54C8020051EA05 /* Sources */ = {
			isa = PBXSourcesBuildPhase;
			buildActionMask = 2147483647;
			files = (
				80F1881B2C54C8020051EA05 /* MovieDatabaseTests.swift in Sources */,
			);
			runOnlyForDeploymentPostprocessing = 0;
		};
		80F1881C2C54C8020051EA05 /* Sources */ = {
			isa = PBXSourcesBuildPhase;
			buildActionMask = 2147483647;
			files = (
				80F188272C54C8020051EA05 /* MovieDatabaseUITestsLaunchTests.swift in Sources */,
				80F188252C54C8020051EA05 /* MovieDatabaseUITests.swift in Sources */,
			);
			runOnlyForDeploymentPostprocessing = 0;
		};
/* End PBXSourcesBuildPhase section */

/* Begin PBXTargetDependency section */
		80F188182C54C8020051EA05 /* PBXTargetDependency */ = {
			isa = PBXTargetDependency;
			target = 80F187FF2C54C7FD0051EA05 /* MovieDatabase */;
			targetProxy = 80F188172C54C8020051EA05 /* PBXContainerItemProxy */;
		};
		80F188222C54C8020051EA05 /* PBXTargetDependency */ = {
			isa = PBXTargetDependency;
			target = 80F187FF2C54C7FD0051EA05 /* MovieDatabase */;
			targetProxy = 80F188212C54C8020051EA05 /* PBXContainerItemProxy */;
		};
/* End PBXTargetDependency section */

/* Begin PBXVariantGroup section */
		80F188092C54C7FD0051EA05 /* Main.storyboard */ = {
			isa = PBXVariantGroup;
			children = (
				80F1880A2C54C7FD0051EA05 /* Base */,
			);
			name = Main.storyboard;
			sourceTree = "<group>";
		};
		80F1880E2C54C8020051EA05 /* LaunchScreen.storyboard */ = {
			isa = PBXVariantGroup;
			children = (
				80F1880F2C54C8020051EA05 /* Base */,
			);
			name = LaunchScreen.storyboard;
			sourceTree = "<group>";
		};
/* End PBXVariantGroup section */

/* Begin XCBuildConfiguration section */
		80F188282C54C8020051EA05 /* Debug */ = {
			isa = XCBuildConfiguration;
			buildSettings = {
				ALWAYS_SEARCH_USER_PATHS = NO;
				ASSETCATALOG_COMPILER_GENERATE_SWIFT_ASSET_SYMBOL_EXTENSIONS = YES;
				CLANG_ANALYZER_NONNULL = YES;
				CLANG_ANALYZER_NUMBER_OBJECT_CONVERSION = YES_AGGRESSIVE;
				CLANG_CXX_LANGUAGE_STANDARD = "gnu++20";
				CLANG_ENABLE_MODULES = YES;
				CLANG_ENABLE_OBJC_ARC = YES;
				CLANG_ENABLE_OBJC_WEAK = YES;
				CLANG_WARN_BLOCK_CAPTURE_AUTORELEASING = YES;
				CLANG_WARN_BOOL_CONVERSION = YES;
				CLANG_WARN_COMMA = YES;
				CLANG_WARN_CONSTANT_CONVERSION = YES;
				CLANG_WARN_DEPRECATED_OBJC_IMPLEMENTATIONS = YES;
				CLANG_WARN_DIRECT_OBJC_ISA_USAGE = YES_ERROR;
				CLANG_WARN_DOCUMENTATION_COMMENTS = YES;
				CLANG_WARN_EMPTY_BODY = YES;
				CLANG_WARN_ENUM_CONVERSION = YES;
				CLANG_WARN_INFINITE_RECURSION = YES;
				CLANG_WARN_INT_CONVERSION = YES;
				CLANG_WARN_NON_LITERAL_NULL_CONVERSION = YES;
				CLANG_WARN_OBJC_IMPLICIT_RETAIN_SELF = YES;
				CLANG_WARN_OBJC_LITERAL_CONVERSION = YES;
				CLANG_WARN_OBJC_ROOT_CLASS = YES_ERROR;
				CLANG_WARN_QUOTED_INCLUDE_IN_FRAMEWORK_HEADER = YES;
				CLANG_WARN_RANGE_LOOP_ANALYSIS = YES;
				CLANG_WARN_STRICT_PROTOTYPES = YES;
				CLANG_WARN_SUSPICIOUS_MOVE = YES;
				CLANG_WARN_UNGUARDED_AVAILABILITY = YES_AGGRESSIVE;
				CLANG_WARN_UNREACHABLE_CODE = YES;
				CLANG_WARN__DUPLICATE_METHOD_MATCH = YES;
				COPY_PHASE_STRIP = NO;
				DEBUG_INFORMATION_FORMAT = dwarf;
				ENABLE_STRICT_OBJC_MSGSEND = YES;
				ENABLE_TESTABILITY = YES;
				ENABLE_USER_SCRIPT_SANDBOXING = YES;
				GCC_C_LANGUAGE_STANDARD = gnu17;
				GCC_DYNAMIC_NO_PIC = NO;
				GCC_NO_COMMON_BLOCKS = YES;
				GCC_OPTIMIZATION_LEVEL = 0;
				GCC_PREPROCESSOR_DEFINITIONS = (
					"DEBUG=1",
					"$(inherited)",
				);
				GCC_WARN_64_TO_32_BIT_CONVERSION = YES;
				GCC_WARN_ABOUT_RETURN_TYPE = YES_ERROR;
				GCC_WARN_UNDECLARED_SELECTOR = YES;
				GCC_WARN_UNINITIALIZED_AUTOS = YES_AGGRESSIVE;
				GCC_WARN_UNUSED_FUNCTION = YES;
				GCC_WARN_UNUSED_VARIABLE = YES;
				IPHONEOS_DEPLOYMENT_TARGET = 17.5;
				LOCALIZATION_PREFERS_STRING_CATALOGS = YES;
				MTL_ENABLE_DEBUG_INFO = INCLUDE_SOURCE;
				MTL_FAST_MATH = YES;
				ONLY_ACTIVE_ARCH = YES;
				SDKROOT = iphoneos;
				SWIFT_ACTIVE_COMPILATION_CONDITIONS = "DEBUG $(inherited)";
				SWIFT_OPTIMIZATION_LEVEL = "-Onone";
			};
			name = Debug;
		};
		80F188292C54C8020051EA05 /* Release */ = {
			isa = XCBuildConfiguration;
			buildSettings = {
				ALWAYS_SEARCH_USER_PATHS = NO;
				ASSETCATALOG_COMPILER_GENERATE_SWIFT_ASSET_SYMBOL_EXTENSIONS = YES;
				CLANG_ANALYZER_NONNULL = YES;
				CLANG_ANALYZER_NUMBER_OBJECT_CONVERSION = YES_AGGRESSIVE;
				CLANG_CXX_LANGUAGE_STANDARD = "gnu++20";
				CLANG_ENABLE_MODULES = YES;
				CLANG_ENABLE_OBJC_ARC = YES;
				CLANG_ENABLE_OBJC_WEAK = YES;
				CLANG_WARN_BLOCK_CAPTURE_AUTORELEASING = YES;
				CLANG_WARN_BOOL_CONVERSION = YES;
				CLANG_WARN_COMMA = YES;
				CLANG_WARN_CONSTANT_CONVERSION = YES;
				CLANG_WARN_DEPRECATED_OBJC_IMPLEMENTATIONS = YES;
				CLANG_WARN_DIRECT_OBJC_ISA_USAGE = YES_ERROR;
				CLANG_WARN_DOCUMENTATION_COMMENTS = YES;
				CLANG_WARN_EMPTY_BODY = YES;
				CLANG_WARN_ENUM_CONVERSION = YES;
				CLANG_WARN_INFINITE_RECURSION = YES;
				CLANG_WARN_INT_CONVERSION = YES;
				CLANG_WARN_NON_LITERAL_NULL_CONVERSION = YES;
				CLANG_WARN_OBJC_IMPLICIT_RETAIN_SELF = YES;
				CLANG_WARN_OBJC_LITERAL_CONVERSION = YES;
				CLANG_WARN_OBJC_ROOT_CLASS = YES_ERROR;
				CLANG_WARN_QUOTED_INCLUDE_IN_FRAMEWORK_HEADER = YES;
				CLANG_WARN_RANGE_LOOP_ANALYSIS = YES;
				CLANG_WARN_STRICT_PROTOTYPES = YES;
				CLANG_WARN_SUSPICIOUS_MOVE = YES;
				CLANG_WARN_UNGUARDED_AVAILABILITY = YES_AGGRESSIVE;
				CLANG_WARN_UNREACHABLE_CODE = YES;
				CLANG_WARN__DUPLICATE_METHOD_MATCH = YES;
				COPY_PHASE_STRIP = NO;
				DEBUG_INFORMATION_FORMAT = "dwarf-with-dsym";
				ENABLE_NS_ASSERTIONS = NO;
				ENABLE_STRICT_OBJC_MSGSEND = YES;
				ENABLE_USER_SCRIPT_SANDBOXING = YES;
				GCC_C_LANGUAGE_STANDARD = gnu17;
				GCC_NO_COMMON_BLOCKS = YES;
				GCC_WARN_64_TO_32_BIT_CONVERSION = YES;
				GCC_WARN_ABOUT_RETURN_TYPE = YES_ERROR;
				GCC_WARN_UNDECLARED_SELECTOR = YES;
				GCC_WARN_UNINITIALIZED_AUTOS = YES_AGGRESSIVE;
				GCC_WARN_UNUSED_FUNCTION = YES;
				GCC_WARN_UNUSED_VARIABLE = YES;
				IPHONEOS_DEPLOYMENT_TARGET = 17.5;
				LOCALIZATION_PREFERS_STRING_CATALOGS = YES;
				MTL_ENABLE_DEBUG_INFO = NO;
				MTL_FAST_MATH = YES;
				SDKROOT = iphoneos;
				SWIFT_COMPILATION_MODE = wholemodule;
				VALIDATE_PRODUCT = YES;
			};
			name = Release;
		};
		80F1882B2C54C8020051EA05 /* Debug */ = {
			isa = XCBuildConfiguration;
			buildSettings = {
				ASSETCATALOG_COMPILER_APPICON_NAME = AppIcon;
				ASSETCATALOG_COMPILER_GLOBAL_ACCENT_COLOR_NAME = AccentColor;
				CODE_SIGN_STYLE = Automatic;
				CURRENT_PROJECT_VERSION = 1;
				GENERATE_INFOPLIST_FILE = YES;
				INFOPLIST_FILE = MovieDatabase/Info.plist;
				INFOPLIST_KEY_UIApplicationSupportsIndirectInputEvents = YES;
				INFOPLIST_KEY_UILaunchStoryboardName = LaunchScreen;
				INFOPLIST_KEY_UIMainStoryboardFile = Main;
				INFOPLIST_KEY_UISupportedInterfaceOrientations_iPad = "UIInterfaceOrientationPortrait UIInterfaceOrientationPortraitUpsideDown UIInterfaceOrientationLandscapeLeft UIInterfaceOrientationLandscapeRight";
				INFOPLIST_KEY_UISupportedInterfaceOrientations_iPhone = "UIInterfaceOrientationPortrait UIInterfaceOrientationLandscapeLeft UIInterfaceOrientationLandscapeRight";
				LD_RUNPATH_SEARCH_PATHS = (
					"$(inherited)",
					"@executable_path/Frameworks",
				);
				MARKETING_VERSION = 1.0;
				PRODUCT_BUNDLE_IDENTIFIER = com.VarunKanth.MovieDatabase;
				PRODUCT_NAME = "$(TARGET_NAME)";
				SWIFT_EMIT_LOC_STRINGS = YES;
				SWIFT_VERSION = 5.0;
				TARGETED_DEVICE_FAMILY = "1,2";
			};
			name = Debug;
		};
		80F1882C2C54C8020051EA05 /* Release */ = {
			isa = XCBuildConfiguration;
			buildSettings = {
				ASSETCATALOG_COMPILER_APPICON_NAME = AppIcon;
				ASSETCATALOG_COMPILER_GLOBAL_ACCENT_COLOR_NAME = AccentColor;
				CODE_SIGN_STYLE = Automatic;
				CURRENT_PROJECT_VERSION = 1;
				GENERATE_INFOPLIST_FILE = YES;
				INFOPLIST_FILE = MovieDatabase/Info.plist;
				INFOPLIST_KEY_UIApplicationSupportsIndirectInputEvents = YES;
				INFOPLIST_KEY_UILaunchStoryboardName = LaunchScreen;
				INFOPLIST_KEY_UIMainStoryboardFile = Main;
				INFOPLIST_KEY_UISupportedInterfaceOrientations_iPad = "UIInterfaceOrientationPortrait UIInterfaceOrientationPortraitUpsideDown UIInterfaceOrientationLandscapeLeft UIInterfaceOrientationLandscapeRight";
				INFOPLIST_KEY_UISupportedInterfaceOrientations_iPhone = "UIInterfaceOrientationPortrait UIInterfaceOrientationLandscapeLeft UIInterfaceOrientationLandscapeRight";
				LD_RUNPATH_SEARCH_PATHS = (
					"$(inherited)",
					"@executable_path/Frameworks",
				);
				MARKETING_VERSION = 1.0;
				PRODUCT_BUNDLE_IDENTIFIER = com.VarunKanth.MovieDatabase;
				PRODUCT_NAME = "$(TARGET_NAME)";
				SWIFT_EMIT_LOC_STRINGS = YES;
				SWIFT_VERSION = 5.0;
				TARGETED_DEVICE_FAMILY = "1,2";
			};
			name = Release;
		};
		80F1882E2C54C8020051EA05 /* Debug */ = {
			isa = XCBuildConfiguration;
			buildSettings = {
				ALWAYS_EMBED_SWIFT_STANDARD_LIBRARIES = YES;
				BUNDLE_LOADER = "$(TEST_HOST)";
				CODE_SIGN_STYLE = Automatic;
				CURRENT_PROJECT_VERSION = 1;
				GENERATE_INFOPLIST_FILE = YES;
				IPHONEOS_DEPLOYMENT_TARGET = 17.5;
				MARKETING_VERSION = 1.0;
				PRODUCT_BUNDLE_IDENTIFIER = com.VarunKanth.MovieDatabaseTests;
				PRODUCT_NAME = "$(TARGET_NAME)";
				SWIFT_EMIT_LOC_STRINGS = NO;
				SWIFT_VERSION = 5.0;
				TARGETED_DEVICE_FAMILY = "1,2";
				TEST_HOST = "$(BUILT_PRODUCTS_DIR)/MovieDatabase.app/$(BUNDLE_EXECUTABLE_FOLDER_PATH)/MovieDatabase";
			};
			name = Debug;
		};
		80F1882F2C54C8020051EA05 /* Release */ = {
			isa = XCBuildConfiguration;
			buildSettings = {
				ALWAYS_EMBED_SWIFT_STANDARD_LIBRARIES = YES;
				BUNDLE_LOADER = "$(TEST_HOST)";
				CODE_SIGN_STYLE = Automatic;
				CURRENT_PROJECT_VERSION = 1;
				GENERATE_INFOPLIST_FILE = YES;
				IPHONEOS_DEPLOYMENT_TARGET = 17.5;
				MARKETING_VERSION = 1.0;
				PRODUCT_BUNDLE_IDENTIFIER = com.VarunKanth.MovieDatabaseTests;
				PRODUCT_NAME = "$(TARGET_NAME)";
				SWIFT_EMIT_LOC_STRINGS = NO;
				SWIFT_VERSION = 5.0;
				TARGETED_DEVICE_FAMILY = "1,2";
				TEST_HOST = "$(BUILT_PRODUCTS_DIR)/MovieDatabase.app/$(BUNDLE_EXECUTABLE_FOLDER_PATH)/MovieDatabase";
			};
			name = Release;
		};
		80F188312C54C8020051EA05 /* Debug */ = {
			isa = XCBuildConfiguration;
			buildSettings = {
				ALWAYS_EMBED_SWIFT_STANDARD_LIBRARIES = YES;
				CODE_SIGN_STYLE = Automatic;
				CURRENT_PROJECT_VERSION = 1;
				GENERATE_INFOPLIST_FILE = YES;
				MARKETING_VERSION = 1.0;
				PRODUCT_BUNDLE_IDENTIFIER = com.VarunKanth.MovieDatabaseUITests;
				PRODUCT_NAME = "$(TARGET_NAME)";
				SWIFT_EMIT_LOC_STRINGS = NO;
				SWIFT_VERSION = 5.0;
				TARGETED_DEVICE_FAMILY = "1,2";
				TEST_TARGET_NAME = MovieDatabase;
			};
			name = Debug;
		};
		80F188322C54C8020051EA05 /* Release */ = {
			isa = XCBuildConfiguration;
			buildSettings = {
				ALWAYS_EMBED_SWIFT_STANDARD_LIBRARIES = YES;
				CODE_SIGN_STYLE = Automatic;
				CURRENT_PROJECT_VERSION = 1;
				GENERATE_INFOPLIST_FILE = YES;
				MARKETING_VERSION = 1.0;
				PRODUCT_BUNDLE_IDENTIFIER = com.VarunKanth.MovieDatabaseUITests;
				PRODUCT_NAME = "$(TARGET_NAME)";
				SWIFT_EMIT_LOC_STRINGS = NO;
				SWIFT_VERSION = 5.0;
				TARGETED_DEVICE_FAMILY = "1,2";
				TEST_TARGET_NAME = MovieDatabase;
			};
			name = Release;
		};
/* End XCBuildConfiguration section */

/* Begin XCConfigurationList section */
		80F187FB2C54C7FD0051EA05 /* Build configuration list for PBXProject "MovieDatabase" */ = {
			isa = XCConfigurationList;
			buildConfigurations = (
				80F188282C54C8020051EA05 /* Debug */,
				80F188292C54C8020051EA05 /* Release */,
			);
			defaultConfigurationIsVisible = 0;
			defaultConfigurationName = Release;
		};
		80F1882A2C54C8020051EA05 /* Build configuration list for PBXNativeTarget "MovieDatabase" */ = {
			isa = XCConfigurationList;
			buildConfigurations = (
				80F1882B2C54C8020051EA05 /* Debug */,
				80F1882C2C54C8020051EA05 /* Release */,
			);
			defaultConfigurationIsVisible = 0;
			defaultConfigurationName = Release;
		};
		80F1882D2C54C8020051EA05 /* Build configuration list for PBXNativeTarget "MovieDatabaseTests" */ = {
			isa = XCConfigurationList;
			buildConfigurations = (
				80F1882E2C54C8020051EA05 /* Debug */,
				80F1882F2C54C8020051EA05 /* Release */,
			);
			defaultConfigurationIsVisible = 0;
			defaultConfigurationName = Release;
		};
		80F188302C54C8020051EA05 /* Build configuration list for PBXNativeTarget "MovieDatabaseUITests" */ = {
			isa = XCConfigurationList;
			buildConfigurations = (
				80F188312C54C8020051EA05 /* Debug */,
				80F188322C54C8020051EA05 /* Release */,
			);
			defaultConfigurationIsVisible = 0;
			defaultConfigurationName = Release;
		};
/* End XCConfigurationList section */

/* Begin XCRemoteSwiftPackageReference section */
		80F188402C54E7320051EA05 /* XCRemoteSwiftPackageReference "SDWebImage" */ = {
			isa = XCRemoteSwiftPackageReference;
			repositoryURL = "https://github.com/SDWebImage/SDWebImage";
			requirement = {
				kind = upToNextMajorVersion;
				minimumVersion = 5.19.5;
			};
		};
/* End XCRemoteSwiftPackageReference section */

/* Begin XCSwiftPackageProductDependency section */
		80F188412C54E7320051EA05 /* SDWebImage */ = {
			isa = XCSwiftPackageProductDependency;
			package = 80F188402C54E7320051EA05 /* XCRemoteSwiftPackageReference "SDWebImage" */;
			productName = SDWebImage;
		};
/* End XCSwiftPackageProductDependency section */
	};
	rootObject = 80F187F82C54C7FD0051EA05 /* Project object */;
}
